// !$*UTF8*$!
{
	archiveVersion = 1;
	classes = {
	};
	objectVersion = 56;
	objects = {

/* Begin PBXBuildFile section */
		92485A2B2A322ABE007B2961 /* AppDelegate.swift in Sources */ = {isa = PBXBuildFile; fileRef = 92485A2A2A322ABE007B2961 /* AppDelegate.swift */; };
		92485A2D2A322ABE007B2961 /* SceneDelegate.swift in Sources */ = {isa = PBXBuildFile; fileRef = 92485A2C2A322ABE007B2961 /* SceneDelegate.swift */; };
		92485A2F2A322ABE007B2961 /* HomeViewController.swift in Sources */ = {isa = PBXBuildFile; fileRef = 92485A2E2A322ABE007B2961 /* HomeViewController.swift */; };
		92485A342A322ABF007B2961 /* Assets.xcassets in Resources */ = {isa = PBXBuildFile; fileRef = 92485A332A322ABF007B2961 /* Assets.xcassets */; };
		92485A372A322ABF007B2961 /* LaunchScreen.storyboard in Resources */ = {isa = PBXBuildFile; fileRef = 92485A352A322ABF007B2961 /* LaunchScreen.storyboard */; };
		92485A432A322B09007B2961 /* Currency.swift in Sources */ = {isa = PBXBuildFile; fileRef = 92485A422A322B09007B2961 /* Currency.swift */; };
		92485A452A322B13007B2961 /* CurrencyViewModel.swift in Sources */ = {isa = PBXBuildFile; fileRef = 92485A442A322B13007B2961 /* CurrencyViewModel.swift */; };
		92485A482A324C53007B2961 /* CustomTabBarController.swift in Sources */ = {isa = PBXBuildFile; fileRef = 92485A472A324C53007B2961 /* CustomTabBarController.swift */; };
		92485A4A2A324C5E007B2961 /* CustomTabBar.swift in Sources */ = {isa = PBXBuildFile; fileRef = 92485A492A324C5E007B2961 /* CustomTabBar.swift */; };
		92485A4C2A324E3A007B2961 /* PersonViewController.swift in Sources */ = {isa = PBXBuildFile; fileRef = 92485A4B2A324E3A007B2961 /* PersonViewController.swift */; };
		92485A502A32536A007B2961 /* ColorExtension.swift in Sources */ = {isa = PBXBuildFile; fileRef = 92485A4F2A32536A007B2961 /* ColorExtension.swift */; };
		92485A522A32544F007B2961 /* HomeVcFac.swift in Sources */ = {isa = PBXBuildFile; fileRef = 92485A512A32544F007B2961 /* HomeVcFac.swift */; };
		9BF8D4F9DA53FC9029661E0A /* Pods_AltinBorsaDovizApp.framework in Frameworks */ = {isa = PBXBuildFile; fileRef = 504D396788FE479F1E3AA0F9 /* Pods_AltinBorsaDovizApp.framework */; };
/* End PBXBuildFile section */

/* Begin PBXFileReference section */
		504D396788FE479F1E3AA0F9 /* Pods_AltinBorsaDovizApp.framework */ = {isa = PBXFileReference; explicitFileType = wrapper.framework; includeInIndex = 0; path = Pods_AltinBorsaDovizApp.framework; sourceTree = BUILT_PRODUCTS_DIR; };
		6EF968E832F83897E0F5E071 /* Pods-AltinBorsaDovizApp.release.xcconfig */ = {isa = PBXFileReference; includeInIndex = 1; lastKnownFileType = text.xcconfig; name = "Pods-AltinBorsaDovizApp.release.xcconfig"; path = "Target Support Files/Pods-AltinBorsaDovizApp/Pods-AltinBorsaDovizApp.release.xcconfig"; sourceTree = "<group>"; };
		92485A272A322ABE007B2961 /* AltinBorsaDovizApp.app */ = {isa = PBXFileReference; explicitFileType = wrapper.application; includeInIndex = 0; path = AltinBorsaDovizApp.app; sourceTree = BUILT_PRODUCTS_DIR; };
		92485A2A2A322ABE007B2961 /* AppDelegate.swift */ = {isa = PBXFileReference; lastKnownFileType = sourcecode.swift; path = AppDelegate.swift; sourceTree = "<group>"; };
		92485A2C2A322ABE007B2961 /* SceneDelegate.swift */ = {isa = PBXFileReference; lastKnownFileType = sourcecode.swift; path = SceneDelegate.swift; sourceTree = "<group>"; };
		92485A2E2A322ABE007B2961 /* HomeViewController.swift */ = {isa = PBXFileReference; lastKnownFileType = sourcecode.swift; path = HomeViewController.swift; sourceTree = "<group>"; };
		92485A332A322ABF007B2961 /* Assets.xcassets */ = {isa = PBXFileReference; lastKnownFileType = folder.assetcatalog; path = Assets.xcassets; sourceTree = "<group>"; };
		92485A362A322ABF007B2961 /* Base */ = {isa = PBXFileReference; lastKnownFileType = file.storyboard; name = Base; path = Base.lproj/LaunchScreen.storyboard; sourceTree = "<group>"; };
		92485A382A322ABF007B2961 /* Info.plist */ = {isa = PBXFileReference; lastKnownFileType = text.plist.xml; path = Info.plist; sourceTree = "<group>"; };
		92485A422A322B09007B2961 /* Currency.swift */ = {isa = PBXFileReference; lastKnownFileType = sourcecode.swift; path = Currency.swift; sourceTree = "<group>"; };
		92485A442A322B13007B2961 /* CurrencyViewModel.swift */ = {isa = PBXFileReference; lastKnownFileType = sourcecode.swift; path = CurrencyViewModel.swift; sourceTree = "<group>"; };
		92485A472A324C53007B2961 /* CustomTabBarController.swift */ = {isa = PBXFileReference; lastKnownFileType = sourcecode.swift; path = CustomTabBarController.swift; sourceTree = "<group>"; };
		92485A492A324C5E007B2961 /* CustomTabBar.swift */ = {isa = PBXFileReference; lastKnownFileType = sourcecode.swift; path = CustomTabBar.swift; sourceTree = "<group>"; };
		92485A4B2A324E3A007B2961 /* PersonViewController.swift */ = {isa = PBXFileReference; lastKnownFileType = sourcecode.swift; path = PersonViewController.swift; sourceTree = "<group>"; };
		92485A4F2A32536A007B2961 /* ColorExtension.swift */ = {isa = PBXFileReference; lastKnownFileType = sourcecode.swift; path = ColorExtension.swift; sourceTree = "<group>"; };
		92485A512A32544F007B2961 /* HomeVcFac.swift */ = {isa = PBXFileReference; lastKnownFileType = sourcecode.swift; path = HomeVcFac.swift; sourceTree = "<group>"; };
		F8B007B3C1A8990F59ABA44C /* Pods-AltinBorsaDovizApp.debug.xcconfig */ = {isa = PBXFileReference; includeInIndex = 1; lastKnownFileType = text.xcconfig; name = "Pods-AltinBorsaDovizApp.debug.xcconfig"; path = "Target Support Files/Pods-AltinBorsaDovizApp/Pods-AltinBorsaDovizApp.debug.xcconfig"; sourceTree = "<group>"; };
/* End PBXFileReference section */

/* Begin PBXFrameworksBuildPhase section */
		92485A242A322ABE007B2961 /* Frameworks */ = {
			isa = PBXFrameworksBuildPhase;
			buildActionMask = 2147483647;
			files = (
				9BF8D4F9DA53FC9029661E0A /* Pods_AltinBorsaDovizApp.framework in Frameworks */,
			);
			runOnlyForDeploymentPostprocessing = 0;
		};
/* End PBXFrameworksBuildPhase section */

/* Begin PBXGroup section */
		92485A1E2A322ABE007B2961 = {
			isa = PBXGroup;
			children = (
				92485A292A322ABE007B2961 /* AltinBorsaDovizApp */,
				92485A282A322ABE007B2961 /* Products */,
				A1DC8645AF58C82584AE95A9 /* Pods */,
				F3BDF928B3FA3B8E107A02E1 /* Frameworks */,
			);
			sourceTree = "<group>";
		};
		92485A282A322ABE007B2961 /* Products */ = {
			isa = PBXGroup;
			children = (
				92485A272A322ABE007B2961 /* AltinBorsaDovizApp.app */,
			);
			name = Products;
			sourceTree = "<group>";
		};
		92485A292A322ABE007B2961 /* AltinBorsaDovizApp */ = {
			isa = PBXGroup;
			children = (
				92485A4E2A32535A007B2961 /* Extensions */,
				92485A462A324C3E007B2961 /* Tabbar */,
				92485A412A322AEB007B2961 /* Network */,
				92485A3E2A322AC7007B2961 /* App */,
				92485A3F2A322ACD007B2961 /* Scene */,
				92485A402A322AD7007B2961 /* Helpers */,
				92485A382A322ABF007B2961 /* Info.plist */,
			);
			path = AltinBorsaDovizApp;
			sourceTree = "<group>";
		};
		92485A3E2A322AC7007B2961 /* App */ = {
			isa = PBXGroup;
			children = (
				92485A2A2A322ABE007B2961 /* AppDelegate.swift */,
				92485A2C2A322ABE007B2961 /* SceneDelegate.swift */,
			);
			path = App;
			sourceTree = "<group>";
		};
		92485A3F2A322ACD007B2961 /* Scene */ = {
			isa = PBXGroup;
			children = (
				92485A2E2A322ABE007B2961 /* HomeViewController.swift */,
				92485A4B2A324E3A007B2961 /* PersonViewController.swift */,
				92485A4D2A325335007B2961 /* Scene Helpers */,
			);
			path = Scene;
			sourceTree = "<group>";
		};
		92485A402A322AD7007B2961 /* Helpers */ = {
			isa = PBXGroup;
			children = (
				92485A352A322ABF007B2961 /* LaunchScreen.storyboard */,
				92485A332A322ABF007B2961 /* Assets.xcassets */,
			);
			path = Helpers;
			sourceTree = "<group>";
		};
		92485A412A322AEB007B2961 /* Network */ = {
			isa = PBXGroup;
			children = (
				92485A422A322B09007B2961 /* Currency.swift */,
				92485A442A322B13007B2961 /* CurrencyViewModel.swift */,
			);
			path = Network;
			sourceTree = "<group>";
		};
		92485A462A324C3E007B2961 /* Tabbar */ = {
			isa = PBXGroup;
			children = (
				92485A472A324C53007B2961 /* CustomTabBarController.swift */,
				92485A492A324C5E007B2961 /* CustomTabBar.swift */,
			);
			path = Tabbar;
			sourceTree = "<group>";
		};
		92485A4D2A325335007B2961 /* Scene Helpers */ = {
			isa = PBXGroup;
			children = (
				92485A512A32544F007B2961 /* HomeVcFac.swift */,
			);
			path = "Scene Helpers";
			sourceTree = "<group>";
		};
		92485A4E2A32535A007B2961 /* Extensions */ = {
			isa = PBXGroup;
			children = (
				92485A4F2A32536A007B2961 /* ColorExtension.swift */,
			);
			path = Extensions;
			sourceTree = "<group>";
		};
		A1DC8645AF58C82584AE95A9 /* Pods */ = {
			isa = PBXGroup;
			children = (
				F8B007B3C1A8990F59ABA44C /* Pods-AltinBorsaDovizApp.debug.xcconfig */,
				6EF968E832F83897E0F5E071 /* Pods-AltinBorsaDovizApp.release.xcconfig */,
			);
			path = Pods;
			sourceTree = "<group>";
		};
		F3BDF928B3FA3B8E107A02E1 /* Frameworks */ = {
			isa = PBXGroup;
			children = (
				504D396788FE479F1E3AA0F9 /* Pods_AltinBorsaDovizApp.framework */,
			);
			name = Frameworks;
			sourceTree = "<group>";
		};
/* End PBXGroup section */

/* Begin PBXNativeTarget section */
		92485A262A322ABE007B2961 /* AltinBorsaDovizApp */ = {
			isa = PBXNativeTarget;
			buildConfigurationList = 92485A3B2A322ABF007B2961 /* Build configuration list for PBXNativeTarget "AltinBorsaDovizApp" */;
			buildPhases = (
				E972D8A6927025C306A6F028 /* [CP] Check Pods Manifest.lock */,
				92485A232A322ABE007B2961 /* Sources */,
				92485A242A322ABE007B2961 /* Frameworks */,
				92485A252A322ABE007B2961 /* Resources */,
				3C4D71BFDA90DCA02B125A5E /* [CP] Embed Pods Frameworks */,
			);
			buildRules = (
			);
			dependencies = (
			);
			name = AltinBorsaDovizApp;
			productName = AltinBorsaDovizApp;
			productReference = 92485A272A322ABE007B2961 /* AltinBorsaDovizApp.app */;
			productType = "com.apple.product-type.application";
		};
/* End PBXNativeTarget section */

/* Begin PBXProject section */
		92485A1F2A322ABE007B2961 /* Project object */ = {
			isa = PBXProject;
			attributes = {
				BuildIndependentTargetsInParallel = 1;
				LastSwiftUpdateCheck = 1410;
				LastUpgradeCheck = 1410;
				TargetAttributes = {
					92485A262A322ABE007B2961 = {
						CreatedOnToolsVersion = 14.1;
					};
				};
			};
			buildConfigurationList = 92485A222A322ABE007B2961 /* Build configuration list for PBXProject "AltinBorsaDovizApp" */;
			compatibilityVersion = "Xcode 14.0";
			developmentRegion = en;
			hasScannedForEncodings = 0;
			knownRegions = (
				en,
				Base,
			);
			mainGroup = 92485A1E2A322ABE007B2961;
			productRefGroup = 92485A282A322ABE007B2961 /* Products */;
			projectDirPath = "";
			projectRoot = "";
			targets = (
				92485A262A322ABE007B2961 /* AltinBorsaDovizApp */,
			);
		};
/* End PBXProject section */

/* Begin PBXResourcesBuildPhase section */
		92485A252A322ABE007B2961 /* Resources */ = {
			isa = PBXResourcesBuildPhase;
			buildActionMask = 2147483647;
			files = (
				92485A372A322ABF007B2961 /* LaunchScreen.storyboard in Resources */,
				92485A342A322ABF007B2961 /* Assets.xcassets in Resources */,
			);
			runOnlyForDeploymentPostprocessing = 0;
		};
/* End PBXResourcesBuildPhase section */

/* Begin PBXShellScriptBuildPhase section */
		3C4D71BFDA90DCA02B125A5E /* [CP] Embed Pods Frameworks */ = {
			isa = PBXShellScriptBuildPhase;
			buildActionMask = 2147483647;
			files = (
			);
			inputFileListPaths = (
				"${PODS_ROOT}/Target Support Files/Pods-AltinBorsaDovizApp/Pods-AltinBorsaDovizApp-frameworks-${CONFIGURATION}-input-files.xcfilelist",
			);
			name = "[CP] Embed Pods Frameworks";
			outputFileListPaths = (
				"${PODS_ROOT}/Target Support Files/Pods-AltinBorsaDovizApp/Pods-AltinBorsaDovizApp-frameworks-${CONFIGURATION}-output-files.xcfilelist",
			);
			runOnlyForDeploymentPostprocessing = 0;
			shellPath = /bin/sh;
			shellScript = "\"${PODS_ROOT}/Target Support Files/Pods-AltinBorsaDovizApp/Pods-AltinBorsaDovizApp-frameworks.sh\"\n";
			showEnvVarsInLog = 0;
		};
		E972D8A6927025C306A6F028 /* [CP] Check Pods Manifest.lock */ = {
			isa = PBXShellScriptBuildPhase;
			buildActionMask = 2147483647;
			files = (
			);
			inputFileListPaths = (
			);
			inputPaths = (
				"${PODS_PODFILE_DIR_PATH}/Podfile.lock",
				"${PODS_ROOT}/Manifest.lock",
			);
			name = "[CP] Check Pods Manifest.lock";
			outputFileListPaths = (
			);
			outputPaths = (
				"$(DERIVED_FILE_DIR)/Pods-AltinBorsaDovizApp-checkManifestLockResult.txt",
			);
			runOnlyForDeploymentPostprocessing = 0;
			shellPath = /bin/sh;
			shellScript = "diff \"${PODS_PODFILE_DIR_PATH}/Podfile.lock\" \"${PODS_ROOT}/Manifest.lock\" > /dev/null\nif [ $? != 0 ] ; then\n    # print error to STDERR\n    echo \"error: The sandbox is not in sync with the Podfile.lock. Run 'pod install' or update your CocoaPods installation.\" >&2\n    exit 1\nfi\n# This output is used by Xcode 'outputs' to avoid re-running this script phase.\necho \"SUCCESS\" > \"${SCRIPT_OUTPUT_FILE_0}\"\n";
			showEnvVarsInLog = 0;
		};
/* End PBXShellScriptBuildPhase section */

/* Begin PBXSourcesBuildPhase section */
		92485A232A322ABE007B2961 /* Sources */ = {
			isa = PBXSourcesBuildPhase;
			buildActionMask = 2147483647;
			files = (
				92485A432A322B09007B2961 /* Currency.swift in Sources */,
				92485A452A322B13007B2961 /* CurrencyViewModel.swift in Sources */,
				92485A522A32544F007B2961 /* HomeVcFac.swift in Sources */,
				92485A4A2A324C5E007B2961 /* CustomTabBar.swift in Sources */,
				92485A502A32536A007B2961 /* ColorExtension.swift in Sources */,
				92485A4C2A324E3A007B2961 /* PersonViewController.swift in Sources */,
				92485A482A324C53007B2961 /* CustomTabBarController.swift in Sources */,
				92485A2F2A322ABE007B2961 /* HomeViewController.swift in Sources */,
				92485A2B2A322ABE007B2961 /* AppDelegate.swift in Sources */,
				92485A2D2A322ABE007B2961 /* SceneDelegate.swift in Sources */,
			);
			runOnlyForDeploymentPostprocessing = 0;
		};
/* End PBXSourcesBuildPhase section */

/* Begin PBXVariantGroup section */
		92485A352A322ABF007B2961 /* LaunchScreen.storyboard */ = {
			isa = PBXVariantGroup;
			children = (
				92485A362A322ABF007B2961 /* Base */,
			);
			name = LaunchScreen.storyboard;
			sourceTree = "<group>";
		};
/* End PBXVariantGroup section */

/* Begin XCBuildConfiguration section */
		92485A392A322ABF007B2961 /* Debug */ = {
			isa = XCBuildConfiguration;
			buildSettings = {
				ALWAYS_SEARCH_USER_PATHS = NO;
				CLANG_ANALYZER_NONNULL = YES;
				CLANG_ANALYZER_NUMBER_OBJECT_CONVERSION = YES_AGGRESSIVE;
				CLANG_CXX_LANGUAGE_STANDARD = "gnu++20";
				CLANG_ENABLE_MODULES = YES;
				CLANG_ENABLE_OBJC_ARC = YES;
				CLANG_ENABLE_OBJC_WEAK = YES;
				CLANG_WARN_BLOCK_CAPTURE_AUTORELEASING = YES;
				CLANG_WARN_BOOL_CONVERSION = YES;
				CLANG_WARN_COMMA = YES;
				CLANG_WARN_CONSTANT_CONVERSION = YES;
				CLANG_WARN_DEPRECATED_OBJC_IMPLEMENTATIONS = YES;
				CLANG_WARN_DIRECT_OBJC_ISA_USAGE = YES_ERROR;
				CLANG_WARN_DOCUMENTATION_COMMENTS = YES;
				CLANG_WARN_EMPTY_BODY = YES;
				CLANG_WARN_ENUM_CONVERSION = YES;
				CLANG_WARN_INFINITE_RECURSION = YES;
				CLANG_WARN_INT_CONVERSION = YES;
				CLANG_WARN_NON_LITERAL_NULL_CONVERSION = YES;
				CLANG_WARN_OBJC_IMPLICIT_RETAIN_SELF = YES;
				CLANG_WARN_OBJC_LITERAL_CONVERSION = YES;
				CLANG_WARN_OBJC_ROOT_CLASS = YES_ERROR;
				CLANG_WARN_QUOTED_INCLUDE_IN_FRAMEWORK_HEADER = YES;
				CLANG_WARN_RANGE_LOOP_ANALYSIS = YES;
				CLANG_WARN_STRICT_PROTOTYPES = YES;
				CLANG_WARN_SUSPICIOUS_MOVE = YES;
				CLANG_WARN_UNGUARDED_AVAILABILITY = YES_AGGRESSIVE;
				CLANG_WARN_UNREACHABLE_CODE = YES;
				CLANG_WARN__DUPLICATE_METHOD_MATCH = YES;
				COPY_PHASE_STRIP = NO;
				DEBUG_INFORMATION_FORMAT = dwarf;
				ENABLE_STRICT_OBJC_MSGSEND = YES;
				ENABLE_TESTABILITY = YES;
				GCC_C_LANGUAGE_STANDARD = gnu11;
				GCC_DYNAMIC_NO_PIC = NO;
				GCC_NO_COMMON_BLOCKS = YES;
				GCC_OPTIMIZATION_LEVEL = 0;
				GCC_PREPROCESSOR_DEFINITIONS = (
					"DEBUG=1",
					"$(inherited)",
				);
				GCC_WARN_64_TO_32_BIT_CONVERSION = YES;
				GCC_WARN_ABOUT_RETURN_TYPE = YES_ERROR;
				GCC_WARN_UNDECLARED_SELECTOR = YES;
				GCC_WARN_UNINITIALIZED_AUTOS = YES_AGGRESSIVE;
				GCC_WARN_UNUSED_FUNCTION = YES;
				GCC_WARN_UNUSED_VARIABLE = YES;
				IPHONEOS_DEPLOYMENT_TARGET = 16.1;
				MTL_ENABLE_DEBUG_INFO = INCLUDE_SOURCE;
				MTL_FAST_MATH = YES;
				ONLY_ACTIVE_ARCH = YES;
				SDKROOT = iphoneos;
				SWIFT_ACTIVE_COMPILATION_CONDITIONS = DEBUG;
				SWIFT_OPTIMIZATION_LEVEL = "-Onone";
			};
			name = Debug;
		};
		92485A3A2A322ABF007B2961 /* Release */ = {
			isa = XCBuildConfiguration;
			buildSettings = {
				ALWAYS_SEARCH_USER_PATHS = NO;
				CLANG_ANALYZER_NONNULL = YES;
				CLANG_ANALYZER_NUMBER_OBJECT_CONVERSION = YES_AGGRESSIVE;
				CLANG_CXX_LANGUAGE_STANDARD = "gnu++20";
				CLANG_ENABLE_MODULES = YES;
				CLANG_ENABLE_OBJC_ARC = YES;
				CLANG_ENABLE_OBJC_WEAK = YES;
				CLANG_WARN_BLOCK_CAPTURE_AUTORELEASING = YES;
				CLANG_WARN_BOOL_CONVERSION = YES;
				CLANG_WARN_COMMA = YES;
				CLANG_WARN_CONSTANT_CONVERSION = YES;
				CLANG_WARN_DEPRECATED_OBJC_IMPLEMENTATIONS = YES;
				CLANG_WARN_DIRECT_OBJC_ISA_USAGE = YES_ERROR;
				CLANG_WARN_DOCUMENTATION_COMMENTS = YES;
				CLANG_WARN_EMPTY_BODY = YES;
				CLANG_WARN_ENUM_CONVERSION = YES;
				CLANG_WARN_INFINITE_RECURSION = YES;
				CLANG_WARN_INT_CONVERSION = YES;
				CLANG_WARN_NON_LITERAL_NULL_CONVERSION = YES;
				CLANG_WARN_OBJC_IMPLICIT_RETAIN_SELF = YES;
				CLANG_WARN_OBJC_LITERAL_CONVERSION = YES;
				CLANG_WARN_OBJC_ROOT_CLASS = YES_ERROR;
				CLANG_WARN_QUOTED_INCLUDE_IN_FRAMEWORK_HEADER = YES;
				CLANG_WARN_RANGE_LOOP_ANALYSIS = YES;
				CLANG_WARN_STRICT_PROTOTYPES = YES;
				CLANG_WARN_SUSPICIOUS_MOVE = YES;
				CLANG_WARN_UNGUARDED_AVAILABILITY = YES_AGGRESSIVE;
				CLANG_WARN_UNREACHABLE_CODE = YES;
				CLANG_WARN__DUPLICATE_METHOD_MATCH = YES;
				COPY_PHASE_STRIP = NO;
				DEBUG_INFORMATION_FORMAT = "dwarf-with-dsym";
				ENABLE_NS_ASSERTIONS = NO;
				ENABLE_STRICT_OBJC_MSGSEND = YES;
				GCC_C_LANGUAGE_STANDARD = gnu11;
				GCC_NO_COMMON_BLOCKS = YES;
				GCC_WARN_64_TO_32_BIT_CONVERSION = YES;
				GCC_WARN_ABOUT_RETURN_TYPE = YES_ERROR;
				GCC_WARN_UNDECLARED_SELECTOR = YES;
				GCC_WARN_UNINITIALIZED_AUTOS = YES_AGGRESSIVE;
				GCC_WARN_UNUSED_FUNCTION = YES;
				GCC_WARN_UNUSED_VARIABLE = YES;
				IPHONEOS_DEPLOYMENT_TARGET = 16.1;
				MTL_ENABLE_DEBUG_INFO = NO;
				MTL_FAST_MATH = YES;
				SDKROOT = iphoneos;
				SWIFT_COMPILATION_MODE = wholemodule;
				SWIFT_OPTIMIZATION_LEVEL = "-O";
				VALIDATE_PRODUCT = YES;
			};
			name = Release;
		};
		92485A3C2A322ABF007B2961 /* Debug */ = {
			isa = XCBuildConfiguration;
			baseConfigurationReference = F8B007B3C1A8990F59ABA44C /* Pods-AltinBorsaDovizApp.debug.xcconfig */;
			buildSettings = {
				ASSETCATALOG_COMPILER_APPICON_NAME = AppIcon;
				ASSETCATALOG_COMPILER_GLOBAL_ACCENT_COLOR_NAME = AccentColor;
				CODE_SIGN_STYLE = Automatic;
				CURRENT_PROJECT_VERSION = 1;
				DEVELOPMENT_TEAM = 5Q3G9AA6B3;
				GENERATE_INFOPLIST_FILE = YES;
				INFOPLIST_FILE = AltinBorsaDovizApp/Info.plist;
				INFOPLIST_KEY_UIApplicationSupportsIndirectInputEvents = YES;
				INFOPLIST_KEY_UILaunchStoryboardName = LaunchScreen;
				INFOPLIST_KEY_UISupportedInterfaceOrientations_iPad = "UIInterfaceOrientationPortrait UIInterfaceOrientationPortraitUpsideDown UIInterfaceOrientationLandscapeLeft UIInterfaceOrientationLandscapeRight";
				INFOPLIST_KEY_UISupportedInterfaceOrientations_iPhone = "UIInterfaceOrientationPortrait UIInterfaceOrientationLandscapeLeft UIInterfaceOrientationLandscapeRight";
				LD_RUNPATH_SEARCH_PATHS = (
					"$(inherited)",
					"@executable_path/Frameworks",
				);
				MARKETING_VERSION = 1.0;
				PRODUCT_BUNDLE_IDENTIFIER = gappze.AltinBorsaDovizApp;
				PRODUCT_NAME = "$(TARGET_NAME)";
				SWIFT_EMIT_LOC_STRINGS = YES;
				SWIFT_VERSION = 5.0;
				TARGETED_DEVICE_FAMILY = "1,2";
			};
			name = Debug;
		};
		92485A3D2A322ABF007B2961 /* Release */ = {
			isa = XCBuildConfiguration;
			baseConfigurationReference = 6EF968E832F83897E0F5E071 /* Pods-AltinBorsaDovizApp.release.xcconfig */;
			buildSettings = {
				ASSETCATALOG_COMPILER_APPICON_NAME = AppIcon;
				ASSETCATALOG_COMPILER_GLOBAL_ACCENT_COLOR_NAME = AccentColor;
				CODE_SIGN_STYLE = Automatic;
				CURRENT_PROJECT_VERSION = 1;
				DEVELOPMENT_TEAM = 5Q3G9AA6B3;
				GENERATE_INFOPLIST_FILE = YES;
				INFOPLIST_FILE = AltinBorsaDovizApp/Info.plist;
				INFOPLIST_KEY_UIApplicationSupportsIndirectInputEvents = YES;
				INFOPLIST_KEY_UILaunchStoryboardName = LaunchScreen;
				INFOPLIST_KEY_UISupportedInterfaceOrientations_iPad = "UIInterfaceOrientationPortrait UIInterfaceOrientationPortraitUpsideDown UIInterfaceOrientationLandscapeLeft UIInterfaceOrientationLandscapeRight";
				INFOPLIST_KEY_UISupportedInterfaceOrientations_iPhone = "UIInterfaceOrientationPortrait UIInterfaceOrientationLandscapeLeft UIInterfaceOrientationLandscapeRight";
				LD_RUNPATH_SEARCH_PATHS = (
					"$(inherited)",
					"@executable_path/Frameworks",
				);
				MARKETING_VERSION = 1.0;
				PRODUCT_BUNDLE_IDENTIFIER = gappze.AltinBorsaDovizApp;
				PRODUCT_NAME = "$(TARGET_NAME)";
				SWIFT_EMIT_LOC_STRINGS = YES;
				SWIFT_VERSION = 5.0;
				TARGETED_DEVICE_FAMILY = "1,2";
			};
			name = Release;
		};
/* End XCBuildConfiguration section */

/* Begin XCConfigurationList section */
		92485A222A322ABE007B2961 /* Build configuration list for PBXProject "AltinBorsaDovizApp" */ = {
			isa = XCConfigurationList;
			buildConfigurations = (
				92485A392A322ABF007B2961 /* Debug */,
				92485A3A2A322ABF007B2961 /* Release */,
			);
			defaultConfigurationIsVisible = 0;
			defaultConfigurationName = Release;
		};
		92485A3B2A322ABF007B2961 /* Build configuration list for PBXNativeTarget "AltinBorsaDovizApp" */ = {
			isa = XCConfigurationList;
			buildConfigurations = (
				92485A3C2A322ABF007B2961 /* Debug */,
				92485A3D2A322ABF007B2961 /* Release */,
			);
			defaultConfigurationIsVisible = 0;
			defaultConfigurationName = Release;
		};
/* End XCConfigurationList section */
	};
	rootObject = 92485A1F2A322ABE007B2961 /* Project object */;
}
